{
  "name": "effect-course-1",
  "version": "1.0.0",
  "lockfileVersion": 3,
  "requires": true,
  "packages": {
    "": {
      "name": "effect-course-1",
      "version": "1.0.0",
      "license": "ISC",
      "dependencies": {
        "@effect/schema": "^0.30.0",
        "effect": "2.0.0-next.19"
      },
      "devDependencies": {
        "@total-typescript/ts-reset": "^0.4.2",
        "typescript": "^5.1.6"
      }
    },
    "node_modules/@effect/data": {
      "version": "0.16.3",
      "resolved": "https://registry.npmjs.org/@effect/data/-/data-0.16.3.tgz",
      "integrity": "sha512-RxRN3Vm8YPys0GjH/yjl2Z57kGCwJGjY6omgcDbeXhLVd+SUaVWbM6hJysKvb/gD9cuN1XwhXUnJ0shVErDelg=="
    },
    "node_modules/@effect/io": {
      "version": "0.35.3",
      "resolved": "https://registry.npmjs.org/@effect/io/-/io-0.35.3.tgz",
      "integrity": "sha512-f0K2XQJvQY0DP6GQC76NUZgFh2QxKIpZZzIELyI8796uJtLt4CRx3s+YsJF68htgUttKm9hxkfcbtcJAg2Rmcw==",
      "dependencies": {
        "@effect/data": "^0.16.0"
      }
    },
    "node_modules/@effect/schema": {
      "version": "0.30.4",
      "resolved": "https://registry.npmjs.org/@effect/schema/-/schema-0.30.4.tgz",
      "integrity": "sha512-4MQkp4mStbJ2f5tRXc0cquCp1KgnmqgstGAjJAteed2dz84yoQ4kBD4gy7OCO8E1uChoqMbvB1ezxPrJ9EPEOw==",
      "dependencies": {
        "@effect/data": "^0.16.2",
        "@effect/io": "^0.35.2",
        "fast-check": "^3.11.0"
      }
    },
    "node_modules/@total-typescript/ts-reset": {
      "version": "0.4.2",
      "resolved": "https://registry.npmjs.org/@total-typescript/ts-reset/-/ts-reset-0.4.2.tgz",
      "integrity": "sha512-vqd7ZUDSrXFVT1n8b2kc3LnklncDQFPvR58yUS1kEP23/nHPAO9l1lMjUfnPrXYYk4Hj54rrLKMW5ipwk7k09A==",
      "dev": true
    },
    "node_modules/effect": {
      "version": "2.0.0-next.19",
      "resolved": "https://registry.npmjs.org/effect/-/effect-2.0.0-next.19.tgz",
      "integrity": "sha512-Zz6mnnu1xNWPzGs27r0tV7Tvruio5BYEgzChxqULJS/M35MRS02vC8lEURnvqNoAAEbViOUyjC5W9AGQ3fJ6LQ==",
      "dependencies": {
        "@effect/data": "^0.16.0",
        "@effect/io": "^0.35.0"
      }
    },
    "node_modules/fast-check": {
      "version": "3.20.0",
      "resolved": "https://registry.npmjs.org/fast-check/-/fast-check-3.20.0.tgz",
      "integrity": "sha512-pZIjqLpOZgdSLecec4GKC3Zq5702MZ34upMKxojnNVSWA0K64V3pXOBT1Wdsrc3AphLtzRBbsi8bRWF4TUGmUg==",
      "funding": [
        {
          "type": "individual",
          "url": "https://github.com/sponsors/dubzzz"
        },
        {
          "type": "opencollective",
          "url": "https://opencollective.com/fast-check"
        }
      ],
      "dependencies": {
        "pure-rand": "^6.1.0"
      },
      "engines": {
        "node": ">=8.0.0"
      }
    },
    "node_modules/pure-rand": {
      "version": "6.1.0",
      "resolved": "https://registry.npmjs.org/pure-rand/-/pure-rand-6.1.0.tgz",
      "integrity": "sha512-bVWawvoZoBYpp6yIoQtQXHZjmz35RSVHnUOTefl8Vcjr8snTPY1wnpSPMWekcFwbxI6gtmT7rSYPFvz71ldiOA==",
      "funding": [
        {
          "type": "individual",
          "url": "https://github.com/sponsors/dubzzz"
        },
        {
          "type": "opencollective",
          "url": "https://opencollective.com/fast-check"
        }
      ]
    },
    "node_modules/typescript": {
      "version": "5.5.3",
      "resolved": "https://registry.npmjs.org/typescript/-/typescript-5.5.3.tgz",
      "integrity": "sha512-/hreyEujaB0w76zKo6717l3L0o/qEUtRgdvUBvlkhoWeOVMjMuHNHk0BRBzikzuGDqNmPQbg5ifMEqsHLiIUcQ==",
      "dev": true,
      "bin": {
        "tsc": "bin/tsc",
        "tsserver": "bin/tsserver"
      },
      "engines": {
        "node": ">=14.17"
      }
    }
  }
}
